// !$*UTF8*$!
{
	archiveVersion = 1;
	classes = {
	};
	objectVersion = 51;
	objects = {

/* Begin PBXBuildFile section */
		4204CAC8250335F50053E576 /* AppDelegate.swift in Sources */ = {isa = PBXBuildFile; fileRef = 4204CAC7250335F50053E576 /* AppDelegate.swift */; };
		4204CACA250335F50053E576 /* SceneDelegate.swift in Sources */ = {isa = PBXBuildFile; fileRef = 4204CAC9250335F50053E576 /* SceneDelegate.swift */; };
		4204CACC250335F50053E576 /* ViewController.swift in Sources */ = {isa = PBXBuildFile; fileRef = 4204CACB250335F50053E576 /* ViewController.swift */; };
		4204CACF250335F50053E576 /* Main.storyboard in Resources */ = {isa = PBXBuildFile; fileRef = 4204CACD250335F50053E576 /* Main.storyboard */; };
		4204CAD1250335F80053E576 /* Assets.xcassets in Resources */ = {isa = PBXBuildFile; fileRef = 4204CAD0250335F80053E576 /* Assets.xcassets */; };
		4204CAD4250335F80053E576 /* LaunchScreen.storyboard in Resources */ = {isa = PBXBuildFile; fileRef = 4204CAD2250335F80053E576 /* LaunchScreen.storyboard */; };
		4204CADC2503361E0053E576 /* Inceptionv3.mlmodel in Sources */ = {isa = PBXBuildFile; fileRef = 4204CADB2503361E0053E576 /* Inceptionv3.mlmodel */; };
		4204CADE2503558F0053E576 /* ReadViewController.swift in Sources */ = {isa = PBXBuildFile; fileRef = 4204CADD2503558E0053E576 /* ReadViewController.swift */; };
		4204CAE025035AAC0053E576 /* icons8-multiply-24.png in Resources */ = {isa = PBXBuildFile; fileRef = 4204CADF25035AAC0053E576 /* icons8-multiply-24.png */; };
		E7C3B8338EEB580DDEADA6A2 /* Pods_ImageIdInfo.framework in Frameworks */ = {isa = PBXBuildFile; fileRef = 665127D500D8439B50F5A37D /* Pods_ImageIdInfo.framework */; };
/* End PBXBuildFile section */

/* Begin PBXFileReference section */
		4204CAC4250335F50053E576 /* ImageIdInfo.app */ = {isa = PBXFileReference; explicitFileType = wrapper.application; includeInIndex = 0; path = ImageIdInfo.app; sourceTree = BUILT_PRODUCTS_DIR; };
		4204CAC7250335F50053E576 /* AppDelegate.swift */ = {isa = PBXFileReference; lastKnownFileType = sourcecode.swift; path = AppDelegate.swift; sourceTree = "<group>"; };
		4204CAC9250335F50053E576 /* SceneDelegate.swift */ = {isa = PBXFileReference; lastKnownFileType = sourcecode.swift; path = SceneDelegate.swift; sourceTree = "<group>"; };
		4204CACB250335F50053E576 /* ViewController.swift */ = {isa = PBXFileReference; lastKnownFileType = sourcecode.swift; path = ViewController.swift; sourceTree = "<group>"; };
		4204CACE250335F50053E576 /* Base */ = {isa = PBXFileReference; lastKnownFileType = file.storyboard; name = Base; path = Base.lproj/Main.storyboard; sourceTree = "<group>"; };
		4204CAD0250335F80053E576 /* Assets.xcassets */ = {isa = PBXFileReference; lastKnownFileType = folder.assetcatalog; path = Assets.xcassets; sourceTree = "<group>"; };
		4204CAD3250335F80053E576 /* Base */ = {isa = PBXFileReference; lastKnownFileType = file.storyboard; name = Base; path = Base.lproj/LaunchScreen.storyboard; sourceTree = "<group>"; };
		4204CAD5250335F80053E576 /* Info.plist */ = {isa = PBXFileReference; lastKnownFileType = text.plist.xml; path = Info.plist; sourceTree = "<group>"; };
		4204CADB2503361E0053E576 /* Inceptionv3.mlmodel */ = {isa = PBXFileReference; lastKnownFileType = file.mlmodel; path = Inceptionv3.mlmodel; sourceTree = "<group>"; };
		4204CADD2503558E0053E576 /* ReadViewController.swift */ = {isa = PBXFileReference; lastKnownFileType = sourcecode.swift; path = ReadViewController.swift; sourceTree = "<group>"; };
		4204CADF25035AAC0053E576 /* icons8-multiply-24.png */ = {isa = PBXFileReference; lastKnownFileType = image.png; path = "icons8-multiply-24.png"; sourceTree = "<group>"; };
		5E63575EAC440362E5E4759C /* Pods-ImageIdInfo.release.xcconfig */ = {isa = PBXFileReference; includeInIndex = 1; lastKnownFileType = text.xcconfig; name = "Pods-ImageIdInfo.release.xcconfig"; path = "Target Support Files/Pods-ImageIdInfo/Pods-ImageIdInfo.release.xcconfig"; sourceTree = "<group>"; };
		665127D500D8439B50F5A37D /* Pods_ImageIdInfo.framework */ = {isa = PBXFileReference; explicitFileType = wrapper.framework; includeInIndex = 0; path = Pods_ImageIdInfo.framework; sourceTree = BUILT_PRODUCTS_DIR; };
		9CBCA420DC30EB81C614C5D3 /* Pods-ImageIdInfo.debug.xcconfig */ = {isa = PBXFileReference; includeInIndex = 1; lastKnownFileType = text.xcconfig; name = "Pods-ImageIdInfo.debug.xcconfig"; path = "Target Support Files/Pods-ImageIdInfo/Pods-ImageIdInfo.debug.xcconfig"; sourceTree = "<group>"; };
/* End PBXFileReference section */

/* Begin PBXFrameworksBuildPhase section */
		4204CAC1250335F50053E576 /* Frameworks */ = {
			isa = PBXFrameworksBuildPhase;
			buildActionMask = 2147483647;
			files = (
				E7C3B8338EEB580DDEADA6A2 /* Pods_ImageIdInfo.framework in Frameworks */,
			);
			runOnlyForDeploymentPostprocessing = 0;
		};
/* End PBXFrameworksBuildPhase section */

/* Begin PBXGroup section */
		4204CABB250335F50053E576 = {
			isa = PBXGroup;
			children = (
				4204CAC6250335F50053E576 /* ImageIdInfo */,
				4204CAC5250335F50053E576 /* Products */,
				E192866808CDD864F982AC29 /* Pods */,
				95D07E2FA1B5CBCB36141A94 /* Frameworks */,
			);
			sourceTree = "<group>";
		};
		4204CAC5250335F50053E576 /* Products */ = {
			isa = PBXGroup;
			children = (
				4204CAC4250335F50053E576 /* ImageIdInfo.app */,
			);
			name = Products;
			sourceTree = "<group>";
		};
		4204CAC6250335F50053E576 /* ImageIdInfo */ = {
			isa = PBXGroup;
			children = (
				4204CAC7250335F50053E576 /* AppDelegate.swift */,
				4204CAC9250335F50053E576 /* SceneDelegate.swift */,
				4204CACB250335F50053E576 /* ViewController.swift */,
				4204CACD250335F50053E576 /* Main.storyboard */,
				4204CAD0250335F80053E576 /* Assets.xcassets */,
				4204CADF25035AAC0053E576 /* icons8-multiply-24.png */,
				4204CAD2250335F80053E576 /* LaunchScreen.storyboard */,
				4204CAD5250335F80053E576 /* Info.plist */,
				4204CADB2503361E0053E576 /* Inceptionv3.mlmodel */,
				4204CADD2503558E0053E576 /* ReadViewController.swift */,
			);
			path = ImageIdInfo;
			sourceTree = "<group>";
		};
		95D07E2FA1B5CBCB36141A94 /* Frameworks */ = {
			isa = PBXGroup;
			children = (
				665127D500D8439B50F5A37D /* Pods_ImageIdInfo.framework */,
			);
			name = Frameworks;
			sourceTree = "<group>";
		};
		E192866808CDD864F982AC29 /* Pods */ = {
			isa = PBXGroup;
			children = (
				9CBCA420DC30EB81C614C5D3 /* Pods-ImageIdInfo.debug.xcconfig */,
				5E63575EAC440362E5E4759C /* Pods-ImageIdInfo.release.xcconfig */,
			);
			path = Pods;
			sourceTree = "<group>";
		};
/* End PBXGroup section */

/* Begin PBXNativeTarget section */
		4204CAC3250335F50053E576 /* ImageIdInfo */ = {
			isa = PBXNativeTarget;
			buildConfigurationList = 4204CAD8250335F80053E576 /* Build configuration list for PBXNativeTarget "ImageIdInfo" */;
			buildPhases = (
				3651E5A57C97FCC51B4BEF97 /* [CP] Check Pods Manifest.lock */,
				4204CAC0250335F50053E576 /* Sources */,
				4204CAC1250335F50053E576 /* Frameworks */,
				4204CAC2250335F50053E576 /* Resources */,
				E2D77BF8ED19D2DA62A420A7 /* [CP] Embed Pods Frameworks */,
			);
			buildRules = (
			);
			dependencies = (
			);
			name = ImageIdInfo;
			productName = ImageIdInfo;
			productReference = 4204CAC4250335F50053E576 /* ImageIdInfo.app */;
			productType = "com.apple.product-type.application";
		};
/* End PBXNativeTarget section */

/* Begin PBXProject section */
		4204CABC250335F50053E576 /* Project object */ = {
			isa = PBXProject;
			attributes = {
				LastSwiftUpdateCheck = 1160;
				LastUpgradeCheck = 1160;
				ORGANIZATIONNAME = "Sid Sharma";
				TargetAttributes = {
					4204CAC3250335F50053E576 = {
						CreatedOnToolsVersion = 11.6;
					};
				};
			};
			buildConfigurationList = 4204CABF250335F50053E576 /* Build configuration list for PBXProject "ImageIdInfo" */;
			compatibilityVersion = "Xcode 9.3";
			developmentRegion = en;
			hasScannedForEncodings = 0;
			knownRegions = (
				en,
				Base,
			);
			mainGroup = 4204CABB250335F50053E576;
			productRefGroup = 4204CAC5250335F50053E576 /* Products */;
			projectDirPath = "";
			projectRoot = "";
			targets = (
				4204CAC3250335F50053E576 /* ImageIdInfo */,
			);
		};
/* End PBXProject section */

/* Begin PBXResourcesBuildPhase section */
		4204CAC2250335F50053E576 /* Resources */ = {
			isa = PBXResourcesBuildPhase;
			buildActionMask = 2147483647;
			files = (
				4204CAD4250335F80053E576 /* LaunchScreen.storyboard in Resources */,
				4204CAE025035AAC0053E576 /* icons8-multiply-24.png in Resources */,
				4204CAD1250335F80053E576 /* Assets.xcassets in Resources */,
				4204CACF250335F50053E576 /* Main.storyboard in Resources */,
			);
			runOnlyForDeploymentPostprocessing = 0;
		};
/* End PBXResourcesBuildPhase section */

/* Begin PBXShellScriptBuildPhase section */
		3651E5A57C97FCC51B4BEF97 /* [CP] Check Pods Manifest.lock */ = {
			isa = PBXShellScriptBuildPhase;
			buildActionMask = 2147483647;
			files = (
			);
			inputFileListPaths = (
			);
			inputPaths = (
				"${PODS_PODFILE_DIR_PATH}/Podfile.lock",
				"${PODS_ROOT}/Manifest.lock",
			);
			name = "[CP] Check Pods Manifest.lock";
			outputFileListPaths = (
			);
			outputPaths = (
				"$(DERIVED_FILE_DIR)/Pods-ImageIdInfo-checkManifestLockResult.txt",
			);
			runOnlyForDeploymentPostprocessing = 0;
			shellPath = /bin/sh;
			shellScript = "diff \"${PODS_PODFILE_DIR_PATH}/Podfile.lock\" \"${PODS_ROOT}/Manifest.lock\" > /dev/null\nif [ $? != 0 ] ; then\n    # print error to STDERR\n    echo \"error: The sandbox is not in sync with the Podfile.lock. Run 'pod install' or update your CocoaPods installation.\" >&2\n    exit 1\nfi\n# This output is used by Xcode 'outputs' to avoid re-running this script phase.\necho \"SUCCESS\" > \"${SCRIPT_OUTPUT_FILE_0}\"\n";
			showEnvVarsInLog = 0;
		};
		E2D77BF8ED19D2DA62A420A7 /* [CP] Embed Pods Frameworks */ = {
			isa = PBXShellScriptBuildPhase;
			buildActionMask = 2147483647;
			files = (
			);
			inputFileListPaths = (
				"${PODS_ROOT}/Target Support Files/Pods-ImageIdInfo/Pods-ImageIdInfo-frameworks-${CONFIGURATION}-input-files.xcfilelist",
			);
			name = "[CP] Embed Pods Frameworks";
			outputFileListPaths = (
				"${PODS_ROOT}/Target Support Files/Pods-ImageIdInfo/Pods-ImageIdInfo-frameworks-${CONFIGURATION}-output-files.xcfilelist",
			);
			runOnlyForDeploymentPostprocessing = 0;
			shellPath = /bin/sh;
			shellScript = "\"${PODS_ROOT}/Target Support Files/Pods-ImageIdInfo/Pods-ImageIdInfo-frameworks.sh\"\n";
			showEnvVarsInLog = 0;
		};
/* End PBXShellScriptBuildPhase section */

/* Begin PBXSourcesBuildPhase section */
		4204CAC0250335F50053E576 /* Sources */ = {
			isa = PBXSourcesBuildPhase;
			buildActionMask = 2147483647;
			files = (
				4204CACC250335F50053E576 /* ViewController.swift in Sources */,
				4204CADC2503361E0053E576 /* Inceptionv3.mlmodel in Sources */,
				4204CAC8250335F50053E576 /* AppDelegate.swift in Sources */,
				4204CACA250335F50053E576 /* SceneDelegate.swift in Sources */,
				4204CADE2503558F0053E576 /* ReadViewController.swift in Sources */,
			);
			runOnlyForDeploymentPostprocessing = 0;
		};
/* End PBXSourcesBuildPhase section */

/* Begin PBXVariantGroup section */
		4204CACD250335F50053E576 /* Main.storyboard */ = {
			isa = PBXVariantGroup;
			children = (
				4204CACE250335F50053E576 /* Base */,
			);
			name = Main.storyboard;
			sourceTree = "<group>";
		};
		4204CAD2250335F80053E576 /* LaunchScreen.storyboard */ = {
			isa = PBXVariantGroup;
			children = (
				4204CAD3250335F80053E576 /* Base */,
			);
			name = LaunchScreen.storyboard;
			sourceTree = "<group>";
		};
/* End PBXVariantGroup section */

/* Begin XCBuildConfiguration section */
		4204CAD6250335F80053E576 /* Debug */ = {
			isa = XCBuildConfiguration;
			buildSettings = {
				ALWAYS_SEARCH_USER_PATHS = NO;
				CLANG_ANALYZER_NONNULL = YES;
				CLANG_ANALYZER_NUMBER_OBJECT_CONVERSION = YES_AGGRESSIVE;
				CLANG_CXX_LANGUAGE_STANDARD = "gnu++14";
				CLANG_CXX_LIBRARY = "libc++";
				CLANG_ENABLE_MODULES = YES;
				CLANG_ENABLE_OBJC_ARC = YES;
				CLANG_ENABLE_OBJC_WEAK = YES;
				CLANG_WARN_BLOCK_CAPTURE_AUTORELEASING = YES;
				CLANG_WARN_BOOL_CONVERSION = YES;
				CLANG_WARN_COMMA = YES;
				CLANG_WARN_CONSTANT_CONVERSION = YES;
				CLANG_WARN_DEPRECATED_OBJC_IMPLEMENTATIONS = YES;
				CLANG_WARN_DIRECT_OBJC_ISA_USAGE = YES_ERROR;
				CLANG_WARN_DOCUMENTATION_COMMENTS = YES;
				CLANG_WARN_EMPTY_BODY = YES;
				CLANG_WARN_ENUM_CONVERSION = YES;
				CLANG_WARN_INFINITE_RECURSION = YES;
				CLANG_WARN_INT_CONVERSION = YES;
				CLANG_WARN_NON_LITERAL_NULL_CONVERSION = YES;
				CLANG_WARN_OBJC_IMPLICIT_RETAIN_SELF = YES;
				CLANG_WARN_OBJC_LITERAL_CONVERSION = YES;
				CLANG_WARN_OBJC_ROOT_CLASS = YES_ERROR;
				CLANG_WARN_RANGE_LOOP_ANALYSIS = YES;
				CLANG_WARN_STRICT_PROTOTYPES = YES;
				CLANG_WARN_SUSPICIOUS_MOVE = YES;
				CLANG_WARN_UNGUARDED_AVAILABILITY = YES_AGGRESSIVE;
				CLANG_WARN_UNREACHABLE_CODE = YES;
				CLANG_WARN__DUPLICATE_METHOD_MATCH = YES;
				COPY_PHASE_STRIP = NO;
				DEBUG_INFORMATION_FORMAT = dwarf;
				ENABLE_STRICT_OBJC_MSGSEND = YES;
				ENABLE_TESTABILITY = YES;
				GCC_C_LANGUAGE_STANDARD = gnu11;
				GCC_DYNAMIC_NO_PIC = NO;
				GCC_NO_COMMON_BLOCKS = YES;
				GCC_OPTIMIZATION_LEVEL = 0;
				GCC_PREPROCESSOR_DEFINITIONS = (
					"DEBUG=1",
					"$(inherited)",
				);
				GCC_WARN_64_TO_32_BIT_CONVERSION = YES;
				GCC_WARN_ABOUT_RETURN_TYPE = YES_ERROR;
				GCC_WARN_UNDECLARED_SELECTOR = YES;
				GCC_WARN_UNINITIALIZED_AUTOS = YES_AGGRESSIVE;
				GCC_WARN_UNUSED_FUNCTION = YES;
				GCC_WARN_UNUSED_VARIABLE = YES;
				IPHONEOS_DEPLOYMENT_TARGET = 13.6;
				MTL_ENABLE_DEBUG_INFO = INCLUDE_SOURCE;
				MTL_FAST_MATH = YES;
				ONLY_ACTIVE_ARCH = YES;
				SDKROOT = iphoneos;
				SWIFT_ACTIVE_COMPILATION_CONDITIONS = DEBUG;
				SWIFT_OPTIMIZATION_LEVEL = "-Onone";
			};
			name = Debug;
		};
		4204CAD7250335F80053E576 /* Release */ = {
			isa = XCBuildConfiguration;
			buildSettings = {
				ALWAYS_SEARCH_USER_PATHS = NO;
				CLANG_ANALYZER_NONNULL = YES;
				CLANG_ANALYZER_NUMBER_OBJECT_CONVERSION = YES_AGGRESSIVE;
				CLANG_CXX_LANGUAGE_STANDARD = "gnu++14";
				CLANG_CXX_LIBRARY = "libc++";
				CLANG_ENABLE_MODULES = YES;
				CLANG_ENABLE_OBJC_ARC = YES;
				CLANG_ENABLE_OBJC_WEAK = YES;
				CLANG_WARN_BLOCK_CAPTURE_AUTORELEASING = YES;
				CLANG_WARN_BOOL_CONVERSION = YES;
				CLANG_WARN_COMMA = YES;
				CLANG_WARN_CONSTANT_CONVERSION = YES;
				CLANG_WARN_DEPRECATED_OBJC_IMPLEMENTATIONS = YES;
				CLANG_WARN_DIRECT_OBJC_ISA_USAGE = YES_ERROR;
				CLANG_WARN_DOCUMENTATION_COMMENTS = YES;
				CLANG_WARN_EMPTY_BODY = YES;
				CLANG_WARN_ENUM_CONVERSION = YES;
				CLANG_WARN_INFINITE_RECURSION = YES;
				CLANG_WARN_INT_CONVERSION = YES;
				CLANG_WARN_NON_LITERAL_NULL_CONVERSION = YES;
				CLANG_WARN_OBJC_IMPLICIT_RETAIN_SELF = YES;
				CLANG_WARN_OBJC_LITERAL_CONVERSION = YES;
				CLANG_WARN_OBJC_ROOT_CLASS = YES_ERROR;
				CLANG_WARN_RANGE_LOOP_ANALYSIS = YES;
				CLANG_WARN_STRICT_PROTOTYPES = YES;
				CLANG_WARN_SUSPICIOUS_MOVE = YES;
				CLANG_WARN_UNGUARDED_AVAILABILITY = YES_AGGRESSIVE;
				CLANG_WARN_UNREACHABLE_CODE = YES;
				CLANG_WARN__DUPLICATE_METHOD_MATCH = YES;
				COPY_PHASE_STRIP = NO;
				DEBUG_INFORMATION_FORMAT = "dwarf-with-dsym";
				ENABLE_NS_ASSERTIONS = NO;
				ENABLE_STRICT_OBJC_MSGSEND = YES;
				GCC_C_LANGUAGE_STANDARD = gnu11;
				GCC_NO_COMMON_BLOCKS = YES;
				GCC_WARN_64_TO_32_BIT_CONVERSION = YES;
				GCC_WARN_ABOUT_RETURN_TYPE = YES_ERROR;
				GCC_WARN_UNDECLARED_SELECTOR = YES;
				GCC_WARN_UNINITIALIZED_AUTOS = YES_AGGRESSIVE;
				GCC_WARN_UNUSED_FUNCTION = YES;
				GCC_WARN_UNUSED_VARIABLE = YES;
				IPHONEOS_DEPLOYMENT_TARGET = 13.6;
				MTL_ENABLE_DEBUG_INFO = NO;
				MTL_FAST_MATH = YES;
				SDKROOT = iphoneos;
				SWIFT_COMPILATION_MODE = wholemodule;
				SWIFT_OPTIMIZATION_LEVEL = "-O";
				VALIDATE_PRODUCT = YES;
			};
			name = Release;
		};
		4204CAD9250335F80053E576 /* Debug */ = {
			isa = XCBuildConfiguration;
			baseConfigurationReference = 9CBCA420DC30EB81C614C5D3 /* Pods-ImageIdInfo.debug.xcconfig */;
			buildSettings = {
				ASSETCATALOG_COMPILER_APPICON_NAME = AppIcon;
				CODE_SIGN_STYLE = Automatic;
				INFOPLIST_FILE = ImageIdInfo/Info.plist;
				LD_RUNPATH_SEARCH_PATHS = (
					"$(inherited)",
					"@executable_path/Frameworks",
				);
				PRODUCT_BUNDLE_IDENTIFIER = com.siddhantsharma.ImageIdInfo;
				PRODUCT_NAME = "$(TARGET_NAME)";
				SWIFT_VERSION = 5.0;
				TARGETED_DEVICE_FAMILY = "1,2";
			};
			name = Debug;
		};
		4204CADA250335F80053E576 /* Release */ = {
			isa = XCBuildConfiguration;
			baseConfigurationReference = 5E63575EAC440362E5E4759C /* Pods-ImageIdInfo.release.xcconfig */;
			buildSettings = {
				ASSETCATALOG_COMPILER_APPICON_NAME = AppIcon;
				CODE_SIGN_STYLE = Automatic;
				INFOPLIST_FILE = ImageIdInfo/Info.plist;
				LD_RUNPATH_SEARCH_PATHS = (
					"$(inherited)",
					"@executable_path/Frameworks",
				);
				PRODUCT_BUNDLE_IDENTIFIER = com.siddhantsharma.ImageIdInfo;
				PRODUCT_NAME = "$(TARGET_NAME)";
				SWIFT_VERSION = 5.0;
				TARGETED_DEVICE_FAMILY = "1,2";
			};
			name = Release;
		};
/* End XCBuildConfiguration section */

/* Begin XCConfigurationList section */
		4204CABF250335F50053E576 /* Build configuration list for PBXProject "ImageIdInfo" */ = {
			isa = XCConfigurationList;
			buildConfigurations = (
				4204CAD6250335F80053E576 /* Debug */,
				4204CAD7250335F80053E576 /* Release */,
			);
			defaultConfigurationIsVisible = 0;
			defaultConfigurationName = Release;
		};
		4204CAD8250335F80053E576 /* Build configuration list for PBXNativeTarget "ImageIdInfo" */ = {
			isa = XCConfigurationList;
			buildConfigurations = (
				4204CAD9250335F80053E576 /* Debug */,
				4204CADA250335F80053E576 /* Release */,
			);
			defaultConfigurationIsVisible = 0;
			defaultConfigurationName = Release;
		};
/* End XCConfigurationList section */
	};
	rootObject = 4204CABC250335F50053E576 /* Project object */;
}
